{
  "name": "hono-mock",
  "version": "1.0.0",
  "lockfileVersion": 3,
  "requires": true,
  "packages": {
    "": {
      "name": "hono-mock",
      "version": "1.0.0",
      "dependencies": {
        "@hono/node-server": "^1.11.0",
        "hono": "^4.4.0"
      }
    },
    "node_modules/@hono/node-server": {
      "version": "1.19.14",
      "resolved": "https://registry.npmjs.org/@hono/node-server/-/node-server-1.19.14.tgz",
      "integrity": "sha512-GwtvgtXxnWsucXvbQXkRgqksiH2Qed37H9xHZocE5sA3N8O8O8/8FA3uclQXxXVzc9XBZuEOMK7+r02FmSpHtw==",
      "license": "MIT",
      "engines": {
        "node": ">=18.14.1"
      },
      "peerDependencies": {
        "hono": "^4"
      }
    },
    "node_modules/hono": {
      "version": "4.12.19",
      "resolved": "https://registry.npmjs.org/hono/-/hono-4.12.19.tgz",
      "integrity": "sha512-xa3eYXYXx68XTT4hZ7dRzsXBhaq85ToSrlUJNoR0gwz/1Ap/CNwX47wfvV7pc/xWhjKVVkLT7zBJy8chhNguqQ==",
      "license": "MIT",
      "engines": {
        "node": ">=16.9.0"
      }
    }
  }
}
